{
    "version": 3,
    "terraform_version": "0.11.13",
    "serial": 20,
    "lineage": "c52b4b17-772e-ebd8-996e-b8be633788d6",
    "modules": [
        {
            "path": [
                "root"
            ],
            "outputs": {
                "url": {
                    "sensitive": false,
                    "type": "string",
                    "value": "http://34.244.124.144"
                }
            },
            "resources": {
                "aws_instance.web": {
                    "type": "aws_instance",
                    "depends_on": [
                        "aws_security_group.web",
                        "data.template_file.user_data"
                    ],
                    "primary": {
                        "id": "i-036f9cbfc39f00b97",
                        "attributes": {
                            "ami": "ami-25488752",
                            "arn": "arn:aws:ec2:eu-west-1:925324513148:instance/i-036f9cbfc39f00b97",
                            "associate_public_ip_address": "true",
                            "availability_zone": "eu-west-1b",
                            "cpu_core_count": "1",
                            "cpu_threads_per_core": "1",
                            "credit_specification.#": "1",
                            "credit_specification.0.cpu_credits": "standard",
                            "disable_api_termination": "false",
                            "ebs_block_device.#": "0",
                            "ebs_optimized": "false",
                            "ephemeral_block_device.#": "0",
                            "get_password_data": "false",
                            "iam_instance_profile": "",
                            "id": "i-036f9cbfc39f00b97",
                            "instance_state": "running",
                            "instance_type": "t2.micro",
                            "ipv6_address_count": "0",
                            "ipv6_addresses.#": "0",
                            "key_name": "",
                            "monitoring": "false",
                            "network_interface.#": "0",
                            "password_data": "",
                            "placement_group": "",
                            "primary_network_interface_id": "eni-0ba95d6ccf64162c4",
                            "private_dns": "ip-172-31-43-255.eu-west-1.compute.internal",
                            "private_ip": "172.31.43.255",
                            "public_dns": "ec2-34-244-124-144.eu-west-1.compute.amazonaws.com",
                            "public_ip": "34.244.124.144",
                            "root_block_device.#": "1",
                            "root_block_device.0.delete_on_termination": "true",
                            "root_block_device.0.iops": "0",
                            "root_block_device.0.volume_id": "vol-0bee680470120d600",
                            "root_block_device.0.volume_size": "8",
                            "root_block_device.0.volume_type": "standard",
                            "security_groups.#": "1",
                            "security_groups.2771956964": "terraform-20190509182104271100000001",
                            "source_dest_check": "true",
                            "subnet_id": "subnet-66b6063c",
                            "tags.%": "1",
                            "tags.Name": "Nome",
                            "tenancy": "default",
                            "user_data": "05dbf096d9d75b89afaa95b9d237881bdefd8638",
                            "volume_tags.%": "0",
                            "vpc_security_group_ids.#": "1",
                            "vpc_security_group_ids.1121989993": "sg-0c8132b65a936f681"
                        },
                        "meta": {
                            "e2bfb730-ecaa-11e6-8f88-34363bc7c4c0": {
                                "create": 600000000000,
                                "delete": 1200000000000,
                                "update": 600000000000
                            },
                            "schema_version": "1"
                        },
                        "tainted": false
                    },
                    "deposed": [],
                    "provider": "provider.aws"
                },
                "aws_security_group.web": {
                    "type": "aws_security_group",
                    "depends_on": [],
                    "primary": {
                        "id": "sg-0c8132b65a936f681",
                        "attributes": {
                            "arn": "arn:aws:ec2:eu-west-1:925324513148:security-group/sg-0c8132b65a936f681",
                            "description": "Managed by Terraform",
                            "egress.#": "0",
                            "id": "sg-0c8132b65a936f681",
                            "ingress.#": "1",
                            "ingress.2214680975.cidr_blocks.#": "1",
                            "ingress.2214680975.cidr_blocks.0": "0.0.0.0/0",
                            "ingress.2214680975.description": "",
                            "ingress.2214680975.from_port": "80",
                            "ingress.2214680975.ipv6_cidr_blocks.#": "0",
                            "ingress.2214680975.prefix_list_ids.#": "0",
                            "ingress.2214680975.protocol": "tcp",
                            "ingress.2214680975.security_groups.#": "0",
                            "ingress.2214680975.self": "false",
                            "ingress.2214680975.to_port": "80",
                            "name": "terraform-20190509182104271100000001",
                            "owner_id": "925324513148",
                            "revoke_rules_on_delete": "false",
                            "tags.%": "0",
                            "vpc_id": "vpc-fa797c9c"
                        },
                        "meta": {
                            "e2bfb730-ecaa-11e6-8f88-34363bc7c4c0": {
                                "create": 600000000000,
                                "delete": 600000000000
                            },
                            "schema_version": "1"
                        },
                        "tainted": false
                    },
                    "deposed": [],
                    "provider": "provider.aws"
                },
                "data.template_file.user_data": {
                    "type": "template_file",
                    "depends_on": [],
                    "primary": {
                        "id": "413ba64495f810e1fd766bdebf4e8d390177cc8983b8be4f5673f6ab460faf73",
                        "attributes": {
                            "id": "413ba64495f810e1fd766bdebf4e8d390177cc8983b8be4f5673f6ab460faf73",
                            "rendered": "#!/bin/bash\n#echo \"\u003ch1\u003eOla, Erik\u003c/h1\u003e\" \u003e index.html\ncat \u003c\u003c- EOF \u003e index.html\n\u003c!DOCTYPE html\u003e\n\u003chead\u003e\n\t\u003ctitle\u003eOla, Erik\u003c/title\u003e\n  \u003clink href=\"https://fonts.googleapis.com/css?family=Source+Code+Pro\" rel=\"stylesheet\"\u003e\n\n\t\u003cstyle\u003e\n\t\tbody {\n\t\t\tbackground-color: #2D2D2D;\n\t\t}\n\n\t\th1 {\n\t\t\tcolor: #C26356;\n\t\t\tfont-size: 52px;\n\t\t\tfont-family: Menlo, Monaco, fixed-width;\n\t\t}\n\n\t\tp {\n\t\t\tcolor: white;\n\t\t\tfont-size: 34px;\n\t\t\tfont-family: \"Source Code Pro\", Menlo, Monaco, fixed-width;\n\t\t}\n\n\t\tcontainer {\n\t\t\tposition: absolute;\n\t\t\tmargin: auto;\n\t\t\ttop: 0;\n\t\t\tright: 0;\n\t\t\tbottom: 0;\n\t\t\tleft: 0;\n\t\t\twidth: 52em;\n\t\t\theight: 10em;\n\t\t}\n\t\u003c/style\u003e\n\u003c/head\u003e\n\u003cbody\u003e\n\t\u003ccontainer\u003e\n    \u003ch1\u003eErik\u003c/h1\u003e\n\t  \u003cp\u003eTeste Avec - Apos alterado\u003c/p\u003e\n  \u003c/container\u003e\n\u003c/body\u003e\n\u003c/html\u003e\n\nEOF\n\nnohup busybox httpd -f -p 80 \u0026\n",
                            "template": "#!/bin/bash\n#echo \"\u003ch1\u003eOla, Erik\u003c/h1\u003e\" \u003e index.html\ncat \u003c\u003c- EOF \u003e index.html\n\u003c!DOCTYPE html\u003e\n\u003chead\u003e\n\t\u003ctitle\u003eOla, Erik\u003c/title\u003e\n  \u003clink href=\"https://fonts.googleapis.com/css?family=Source+Code+Pro\" rel=\"stylesheet\"\u003e\n\n\t\u003cstyle\u003e\n\t\tbody {\n\t\t\tbackground-color: #2D2D2D;\n\t\t}\n\n\t\th1 {\n\t\t\tcolor: #C26356;\n\t\t\tfont-size: 52px;\n\t\t\tfont-family: Menlo, Monaco, fixed-width;\n\t\t}\n\n\t\tp {\n\t\t\tcolor: white;\n\t\t\tfont-size: 34px;\n\t\t\tfont-family: \"Source Code Pro\", Menlo, Monaco, fixed-width;\n\t\t}\n\n\t\tcontainer {\n\t\t\tposition: absolute;\n\t\t\tmargin: auto;\n\t\t\ttop: 0;\n\t\t\tright: 0;\n\t\t\tbottom: 0;\n\t\t\tleft: 0;\n\t\t\twidth: 52em;\n\t\t\theight: 10em;\n\t\t}\n\t\u003c/style\u003e\n\u003c/head\u003e\n\u003cbody\u003e\n\t\u003ccontainer\u003e\n    \u003ch1\u003e${name}\u003c/h1\u003e\n\t  \u003cp\u003e${description_person}\u003c/p\u003e\n  \u003c/container\u003e\n\u003c/body\u003e\n\u003c/html\u003e\n\nEOF\n\nnohup busybox httpd -f -p 80 \u0026\n",
                            "vars.%": "2",
                            "vars.description_person": "Nome",
                            "vars.name": "Erik"
                        },
                        "meta": {},
                        "tainted": false
                    },
                    "deposed": [],
                    "provider": "provider.template"
                }
            },
            "depends_on": []
        }
    ]
}
